
Microsoft Visual Studio Solution File, Format Version 12.00
# Visual Studio Version 17
VisualStudioVersion = 17.10.34928.147
MinimumVisualStudioVersion = 10.0.40219.1
Project("{FAE04EC0-301F-11D3-BF4B-00C04F79EFBC}") = "Task02", "HomeWork14\Task02.csproj", "{B746420D-140D-44B9-87F9-07F4C72AF1AF}"
EndProject
Project("{FAE04EC0-301F-11D3-BF4B-00C04F79EFBC}") = "Task03", "Task03\Task03.csproj", "{3C8205A1-DD12-4F98-B577-3242A571AA45}"
EndProject
Global
	GlobalSection(SolutionConfigurationPlatforms) = preSolution
		Debug|Any CPU = Debug|Any CPU
		Release|Any CPU = Release|Any CPU
	EndGlobalSection
	GlobalSection(ProjectConfigurationPlatforms) = postSolution
		{B746420D-140D-44B9-87F9-07F4C72AF1AF}.Debug|Any CPU.ActiveCfg = Debug|Any CPU
		{B746420D-140D-44B9-87F9-07F4C72AF1AF}.Debug|Any CPU.Build.0 = Debug|Any CPU
		{B746420D-140D-44B9-87F9-07F4C72AF1AF}.Release|Any CPU.ActiveCfg = Release|Any CPU
		{B746420D-140D-44B9-87F9-07F4C72AF1AF}.Release|Any CPU.Build.0 = Release|Any CPU
		{3C8205A1-DD12-4F98-B577-3242A571AA45}.Debug|Any CPU.ActiveCfg = Debug|Any CPU
		{3C8205A1-DD12-4F98-B577-3242A571AA45}.Debug|Any CPU.Build.0 = Debug|Any CPU
		{3C8205A1-DD12-4F98-B577-3242A571AA45}.Release|Any CPU.ActiveCfg = Release|Any CPU
		{3C8205A1-DD12-4F98-B577-3242A571AA45}.Release|Any CPU.Build.0 = Release|Any CPU
	EndGlobalSection
	GlobalSection(SolutionProperties) = preSolution
		HideSolutionNode = FALSE
	EndGlobalSection
	GlobalSection(ExtensibilityGlobals) = postSolution
		SolutionGuid = {4A1C76F7-E410-434D-93ED-E16CA25D2C4C}
	EndGlobalSection
EndGlobal
